// !$*UTF8*$!
{
	archiveVersion = 1;
	classes = {
	};
	objectVersion = 46;
	objects = {

/* Begin PBXBuildFile section */
		58198DBD1A636A190050F69A /* AVFoundation.framework in Frameworks */ = {isa = PBXBuildFile; fileRef = 58198DBC1A636A190050F69A /* AVFoundation.framework */; };
		58198DBF1A636A210050F69A /* AudioToolbox.framework in Frameworks */ = {isa = PBXBuildFile; fileRef = 58198DBE1A636A210050F69A /* AudioToolbox.framework */; };
		58198DC11A636A490050F69A /* MessageUI.framework in Frameworks */ = {isa = PBXBuildFile; fileRef = 58198DC01A636A490050F69A /* MessageUI.framework */; };
		58198DC31A636A760050F69A /* UIKit.framework in Frameworks */ = {isa = PBXBuildFile; fileRef = 58198DC21A636A760050F69A /* UIKit.framework */; };
		58198DC51A636A850050F69A /* AdSupport.framework in Frameworks */ = {isa = PBXBuildFile; fileRef = 58198DC41A636A850050F69A /* AdSupport.framework */; };
		58198DC71A636A9C0050F69A /* SystemConfiguration.framework in Frameworks */ = {isa = PBXBuildFile; fileRef = 58198DC61A636A9C0050F69A /* SystemConfiguration.framework */; };
		58198DC91A636AA50050F69A /* CFNetwork.framework in Frameworks */ = {isa = PBXBuildFile; fileRef = 58198DC81A636AA50050F69A /* CFNetwork.framework */; };
		58198DCB1A636AAF0050F69A /* CoreGraphics.framework in Frameworks */ = {isa = PBXBuildFile; fileRef = 58198DCA1A636AAF0050F69A /* CoreGraphics.framework */; };
		58198DCD1A636ABC0050F69A /* Foundation.framework in Frameworks */ = {isa = PBXBuildFile; fileRef = 58198DCC1A636ABC0050F69A /* Foundation.framework */; };
		58198DCF1A636ACB0050F69A /* StoreKit.framework in Frameworks */ = {isa = PBXBuildFile; fileRef = 58198DCE1A636ACB0050F69A /* StoreKit.framework */; };
		58198DD11A636ADA0050F69A /* MobileCoreServices.framework in Frameworks */ = {isa = PBXBuildFile; fileRef = 58198DD01A636ADA0050F69A /* MobileCoreServices.framework */; };
		58198DD31A636AF90050F69A /* QuartzCore.framework in Frameworks */ = {isa = PBXBuildFile; fileRef = 58198DD21A636AF90050F69A /* QuartzCore.framework */; };
		58198DD91A63701D0050F69A /* Common.m in Sources */ = {isa = PBXBuildFile; fileRef = 58198DD81A63701D0050F69A /* Common.m */; settings = {COMPILER_FLAGS = "-fno-objc-arc"; }; };
		58E8B57F1A95F296006EF840 /* Line.swift in Sources */ = {isa = PBXBuildFile; fileRef = 58E8B57E1A95F296006EF840 /* Line.swift */; };
		58F9A3B819F6967300D5929F /* AppDelegate.swift in Sources */ = {isa = PBXBuildFile; fileRef = 58F9A3B719F6967300D5929F /* AppDelegate.swift */; };
		58F9A3BA19F6967300D5929F /* ViewController.swift in Sources */ = {isa = PBXBuildFile; fileRef = 58F9A3B919F6967300D5929F /* ViewController.swift */; };
		58F9A3BD19F6967300D5929F /* Main.storyboard in Resources */ = {isa = PBXBuildFile; fileRef = 58F9A3BB19F6967300D5929F /* Main.storyboard */; };
		58F9A3BF19F6967300D5929F /* Images.xcassets in Resources */ = {isa = PBXBuildFile; fileRef = 58F9A3BE19F6967300D5929F /* Images.xcassets */; };
		58F9A3C219F6967300D5929F /* LaunchScreen.xib in Resources */ = {isa = PBXBuildFile; fileRef = 58F9A3C019F6967300D5929F /* LaunchScreen.xib */; };
		58F9A3CE19F6967400D5929F /* KokubanForSwiftTests.swift in Sources */ = {isa = PBXBuildFile; fileRef = 58F9A3CD19F6967400D5929F /* KokubanForSwiftTests.swift */; };
		58F9A3F419F6A44700D5929F /* ico_himawari1.png in Resources */ = {isa = PBXBuildFile; fileRef = 58F9A3D819F6A44700D5929F /* ico_himawari1.png */; };
		58F9A3F519F6A44700D5929F /* ico_uchiwa02_min.png in Resources */ = {isa = PBXBuildFile; fileRef = 58F9A3D919F6A44700D5929F /* ico_uchiwa02_min.png */; };
		58F9A3F619F6A44700D5929F /* sen5.png in Resources */ = {isa = PBXBuildFile; fileRef = 58F9A3DA19F6A44700D5929F /* sen5.png */; };
		58F9A3F719F6A44700D5929F /* sen10.png in Resources */ = {isa = PBXBuildFile; fileRef = 58F9A3DB19F6A44700D5929F /* sen10.png */; };
		58F9A3F819F6A44700D5929F /* snow.png in Resources */ = {isa = PBXBuildFile; fileRef = 58F9A3DC19F6A44700D5929F /* snow.png */; };
		58F9A3F919F6A44700D5929F /* icon-76@2x.png in Resources */ = {isa = PBXBuildFile; fileRef = 58F9A3DD19F6A44700D5929F /* icon-76@2x.png */; };
		58F9A3FA19F6A44700D5929F /* icon-76.png in Resources */ = {isa = PBXBuildFile; fileRef = 58F9A3DE19F6A44700D5929F /* icon-76.png */; };
		58F9A3FB19F6A44700D5929F /* Default-Portrait.png in Resources */ = {isa = PBXBuildFile; fileRef = 58F9A3DF19F6A44700D5929F /* Default-Portrait.png */; };
		58F9A3FC19F6A44700D5929F /* icon-72.png in Resources */ = {isa = PBXBuildFile; fileRef = 58F9A3E019F6A44700D5929F /* icon-72.png */; };
		58F9A3FD19F6A44700D5929F /* icon-72@2x.png in Resources */ = {isa = PBXBuildFile; fileRef = 58F9A3E119F6A44700D5929F /* icon-72@2x.png */; };
		58F9A3FE19F6A44700D5929F /* Default-Portrait@2x.png in Resources */ = {isa = PBXBuildFile; fileRef = 58F9A3E219F6A44700D5929F /* Default-Portrait@2x.png */; };
		58F9A3FF19F6A44700D5929F /* back@2x.png in Resources */ = {isa = PBXBuildFile; fileRef = 58F9A3E319F6A44700D5929F /* back@2x.png */; };
		58F9A40019F6A44700D5929F /* icon@2x.png in Resources */ = {isa = PBXBuildFile; fileRef = 58F9A3E419F6A44700D5929F /* icon@2x.png */; };
		58F9A40119F6A44700D5929F /* icon-120.png in Resources */ = {isa = PBXBuildFile; fileRef = 58F9A3E519F6A44700D5929F /* icon-120.png */; };
		58F9A40219F6A44700D5929F /* icon.png in Resources */ = {isa = PBXBuildFile; fileRef = 58F9A3E619F6A44700D5929F /* icon.png */; };
		58F9A40319F6A44700D5929F /* back-568h@2x.png in Resources */ = {isa = PBXBuildFile; fileRef = 58F9A3E719F6A44700D5929F /* back-568h@2x.png */; };
		58F9A40419F6A44700D5929F /* Default-568h@2x.png in Resources */ = {isa = PBXBuildFile; fileRef = 58F9A3E819F6A44700D5929F /* Default-568h@2x.png */; };
		58F9A40519F6A44700D5929F /* blue.png in Resources */ = {isa = PBXBuildFile; fileRef = 58F9A3E919F6A44700D5929F /* blue.png */; };
		58F9A40619F6A44700D5929F /* green.png in Resources */ = {isa = PBXBuildFile; fileRef = 58F9A3EA19F6A44700D5929F /* green.png */; };
		58F9A40719F6A44700D5929F /* pink.png in Resources */ = {isa = PBXBuildFile; fileRef = 58F9A3EB19F6A44700D5929F /* pink.png */; };
		58F9A40819F6A44700D5929F /* red.png in Resources */ = {isa = PBXBuildFile; fileRef = 58F9A3EC19F6A44700D5929F /* red.png */; };
		58F9A40919F6A44700D5929F /* white.png in Resources */ = {isa = PBXBuildFile; fileRef = 58F9A3ED19F6A44700D5929F /* white.png */; };
		58F9A40A19F6A44700D5929F /* yellow.png in Resources */ = {isa = PBXBuildFile; fileRef = 58F9A3EE19F6A44700D5929F /* yellow.png */; };
		58F9A40B19F6A44700D5929F /* Default@2x.png in Resources */ = {isa = PBXBuildFile; fileRef = 58F9A3EF19F6A44700D5929F /* Default@2x.png */; };
		58F9A40C19F6A44700D5929F /* Default.png in Resources */ = {isa = PBXBuildFile; fileRef = 58F9A3F019F6A44700D5929F /* Default.png */; };
		58F9A40D19F6A44700D5929F /* tab.png in Resources */ = {isa = PBXBuildFile; fileRef = 58F9A3F119F6A44700D5929F /* tab.png */; };
		58F9A40E19F6A44700D5929F /* back.png in Resources */ = {isa = PBXBuildFile; fileRef = 58F9A3F219F6A44700D5929F /* back.png */; };
		58F9A40F19F6A44700D5929F /* elaser.png in Resources */ = {isa = PBXBuildFile; fileRef = 58F9A3F319F6A44700D5929F /* elaser.png */; };
		58F9A41619F953CE00D5929F /* DrawingView.m in Sources */ = {isa = PBXBuildFile; fileRef = 58F9A41519F953CE00D5929F /* DrawingView.m */; };
		5DD4B7D9522641F98AAAE8A6 /* libPods.a in Frameworks */ = {isa = PBXBuildFile; fileRef = D7DC891635E2443695729A3F /* libPods.a */; };
/* End PBXBuildFile section */

/* Begin PBXContainerItemProxy section */
		58F9A3C819F6967400D5929F /* PBXContainerItemProxy */ = {
			isa = PBXContainerItemProxy;
			containerPortal = 58F9A3AA19F6967300D5929F /* Project object */;
			proxyType = 1;
			remoteGlobalIDString = 58F9A3B119F6967300D5929F;
			remoteInfo = KokubanForSwift;
		};
/* End PBXContainerItemProxy section */

/* Begin PBXFileReference section */
		58198DBC1A636A190050F69A /* AVFoundation.framework */ = {isa = PBXFileReference; lastKnownFileType = wrapper.framework; name = AVFoundation.framework; path = System/Library/Frameworks/AVFoundation.framework; sourceTree = SDKROOT; };
		58198DBE1A636A210050F69A /* AudioToolbox.framework */ = {isa = PBXFileReference; lastKnownFileType = wrapper.framework; name = AudioToolbox.framework; path = System/Library/Frameworks/AudioToolbox.framework; sourceTree = SDKROOT; };
		58198DC01A636A490050F69A /* MessageUI.framework */ = {isa = PBXFileReference; lastKnownFileType = wrapper.framework; name = MessageUI.framework; path = System/Library/Frameworks/MessageUI.framework; sourceTree = SDKROOT; };
		58198DC21A636A760050F69A /* UIKit.framework */ = {isa = PBXFileReference; lastKnownFileType = wrapper.framework; name = UIKit.framework; path = System/Library/Frameworks/UIKit.framework; sourceTree = SDKROOT; };
		58198DC41A636A850050F69A /* AdSupport.framework */ = {isa = PBXFileReference; lastKnownFileType = wrapper.framework; name = AdSupport.framework; path = System/Library/Frameworks/AdSupport.framework; sourceTree = SDKROOT; };
		58198DC61A636A9C0050F69A /* SystemConfiguration.framework */ = {isa = PBXFileReference; lastKnownFileType = wrapper.framework; name = SystemConfiguration.framework; path = System/Library/Frameworks/SystemConfiguration.framework; sourceTree = SDKROOT; };
		58198DC81A636AA50050F69A /* CFNetwork.framework */ = {isa = PBXFileReference; lastKnownFileType = wrapper.framework; name = CFNetwork.framework; path = System/Library/Frameworks/CFNetwork.framework; sourceTree = SDKROOT; };
		58198DCA1A636AAF0050F69A /* CoreGraphics.framework */ = {isa = PBXFileReference; lastKnownFileType = wrapper.framework; name = CoreGraphics.framework; path = System/Library/Frameworks/CoreGraphics.framework; sourceTree = SDKROOT; };
		58198DCC1A636ABC0050F69A /* Foundation.framework */ = {isa = PBXFileReference; lastKnownFileType = wrapper.framework; name = Foundation.framework; path = System/Library/Frameworks/Foundation.framework; sourceTree = SDKROOT; };
		58198DCE1A636ACB0050F69A /* StoreKit.framework */ = {isa = PBXFileReference; lastKnownFileType = wrapper.framework; name = StoreKit.framework; path = System/Library/Frameworks/StoreKit.framework; sourceTree = SDKROOT; };
		58198DD01A636ADA0050F69A /* MobileCoreServices.framework */ = {isa = PBXFileReference; lastKnownFileType = wrapper.framework; name = MobileCoreServices.framework; path = System/Library/Frameworks/MobileCoreServices.framework; sourceTree = SDKROOT; };
		58198DD21A636AF90050F69A /* QuartzCore.framework */ = {isa = PBXFileReference; lastKnownFileType = wrapper.framework; name = QuartzCore.framework; path = System/Library/Frameworks/QuartzCore.framework; sourceTree = SDKROOT; };
		58198DD71A63701D0050F69A /* Common.h */ = {isa = PBXFileReference; fileEncoding = 4; lastKnownFileType = sourcecode.c.h; path = Common.h; sourceTree = "<group>"; };
		58198DD81A63701D0050F69A /* Common.m */ = {isa = PBXFileReference; fileEncoding = 4; lastKnownFileType = sourcecode.c.objc; path = Common.m; sourceTree = "<group>"; };
		58E8B57E1A95F296006EF840 /* Line.swift */ = {isa = PBXFileReference; fileEncoding = 4; lastKnownFileType = sourcecode.swift; path = Line.swift; sourceTree = "<group>"; };
		58F9A3B219F6967300D5929F /* KokubanForSwift.app */ = {isa = PBXFileReference; explicitFileType = wrapper.application; includeInIndex = 0; path = KokubanForSwift.app; sourceTree = BUILT_PRODUCTS_DIR; };
		58F9A3B619F6967300D5929F /* Info.plist */ = {isa = PBXFileReference; lastKnownFileType = text.plist.xml; path = Info.plist; sourceTree = "<group>"; };
		58F9A3B719F6967300D5929F /* AppDelegate.swift */ = {isa = PBXFileReference; lastKnownFileType = sourcecode.swift; path = AppDelegate.swift; sourceTree = "<group>"; };
		58F9A3B919F6967300D5929F /* ViewController.swift */ = {isa = PBXFileReference; lastKnownFileType = sourcecode.swift; path = ViewController.swift; sourceTree = "<group>"; };
		58F9A3BC19F6967300D5929F /* Base */ = {isa = PBXFileReference; lastKnownFileType = file.storyboard; name = Base; path = Base.lproj/Main.storyboard; sourceTree = "<group>"; };
		58F9A3BE19F6967300D5929F /* Images.xcassets */ = {isa = PBXFileReference; lastKnownFileType = folder.assetcatalog; path = Images.xcassets; sourceTree = "<group>"; };
		58F9A3C119F6967300D5929F /* Base */ = {isa = PBXFileReference; lastKnownFileType = file.xib; name = Base; path = Base.lproj/LaunchScreen.xib; sourceTree = "<group>"; };
		58F9A3C719F6967400D5929F /* KokubanForSwiftTests.xctest */ = {isa = PBXFileReference; explicitFileType = wrapper.cfbundle; includeInIndex = 0; path = KokubanForSwiftTests.xctest; sourceTree = BUILT_PRODUCTS_DIR; };
		58F9A3CC19F6967400D5929F /* Info.plist */ = {isa = PBXFileReference; lastKnownFileType = text.plist.xml; path = Info.plist; sourceTree = "<group>"; };
		58F9A3CD19F6967400D5929F /* KokubanForSwiftTests.swift */ = {isa = PBXFileReference; lastKnownFileType = sourcecode.swift; path = KokubanForSwiftTests.swift; sourceTree = "<group>"; };
		58F9A3D819F6A44700D5929F /* ico_himawari1.png */ = {isa = PBXFileReference; lastKnownFileType = image.png; path = ico_himawari1.png; sourceTree = "<group>"; };
		58F9A3D919F6A44700D5929F /* ico_uchiwa02_min.png */ = {isa = PBXFileReference; lastKnownFileType = image.png; path = ico_uchiwa02_min.png; sourceTree = "<group>"; };
		58F9A3DA19F6A44700D5929F /* sen5.png */ = {isa = PBXFileReference; lastKnownFileType = image.png; path = sen5.png; sourceTree = "<group>"; };
		58F9A3DB19F6A44700D5929F /* sen10.png */ = {isa = PBXFileReference; lastKnownFileType = image.png; path = sen10.png; sourceTree = "<group>"; };
		58F9A3DC19F6A44700D5929F /* snow.png */ = {isa = PBXFileReference; lastKnownFileType = image.png; path = snow.png; sourceTree = "<group>"; };
		58F9A3DD19F6A44700D5929F /* icon-76@2x.png */ = {isa = PBXFileReference; lastKnownFileType = image.png; path = "icon-76@2x.png"; sourceTree = "<group>"; };
		58F9A3DE19F6A44700D5929F /* icon-76.png */ = {isa = PBXFileReference; lastKnownFileType = image.png; path = "icon-76.png"; sourceTree = "<group>"; };
		58F9A3DF19F6A44700D5929F /* Default-Portrait.png */ = {isa = PBXFileReference; lastKnownFileType = image.png; path = "Default-Portrait.png"; sourceTree = "<group>"; };
		58F9A3E019F6A44700D5929F /* icon-72.png */ = {isa = PBXFileReference; lastKnownFileType = image.png; path = "icon-72.png"; sourceTree = "<group>"; };
		58F9A3E119F6A44700D5929F /* icon-72@2x.png */ = {isa = PBXFileReference; lastKnownFileType = image.png; path = "icon-72@2x.png"; sourceTree = "<group>"; };
		58F9A3E219F6A44700D5929F /* Default-Portrait@2x.png */ = {isa = PBXFileReference; lastKnownFileType = image.png; path = "Default-Portrait@2x.png"; sourceTree = "<group>"; };
		58F9A3E319F6A44700D5929F /* back@2x.png */ = {isa = PBXFileReference; lastKnownFileType = image.png; path = "back@2x.png"; sourceTree = "<group>"; };
		58F9A3E419F6A44700D5929F /* icon@2x.png */ = {isa = PBXFileReference; lastKnownFileType = image.png; path = "icon@2x.png"; sourceTree = "<group>"; };
		58F9A3E519F6A44700D5929F /* icon-120.png */ = {isa = PBXFileReference; lastKnownFileType = image.png; path = "icon-120.png"; sourceTree = "<group>"; };
		58F9A3E619F6A44700D5929F /* icon.png */ = {isa = PBXFileReference; lastKnownFileType = image.png; path = icon.png; sourceTree = "<group>"; };
		58F9A3E719F6A44700D5929F /* back-568h@2x.png */ = {isa = PBXFileReference; lastKnownFileType = image.png; path = "back-568h@2x.png"; sourceTree = "<group>"; };
		58F9A3E819F6A44700D5929F /* Default-568h@2x.png */ = {isa = PBXFileReference; lastKnownFileType = image.png; path = "Default-568h@2x.png"; sourceTree = "<group>"; };
		58F9A3E919F6A44700D5929F /* blue.png */ = {isa = PBXFileReference; lastKnownFileType = image.png; path = blue.png; sourceTree = "<group>"; };
		58F9A3EA19F6A44700D5929F /* green.png */ = {isa = PBXFileReference; lastKnownFileType = image.png; path = green.png; sourceTree = "<group>"; };
		58F9A3EB19F6A44700D5929F /* pink.png */ = {isa = PBXFileReference; lastKnownFileType = image.png; path = pink.png; sourceTree = "<group>"; };
		58F9A3EC19F6A44700D5929F /* red.png */ = {isa = PBXFileReference; lastKnownFileType = image.png; path = red.png; sourceTree = "<group>"; };
		58F9A3ED19F6A44700D5929F /* white.png */ = {isa = PBXFileReference; lastKnownFileType = image.png; path = white.png; sourceTree = "<group>"; };
		58F9A3EE19F6A44700D5929F /* yellow.png */ = {isa = PBXFileReference; lastKnownFileType = image.png; path = yellow.png; sourceTree = "<group>"; };
		58F9A3EF19F6A44700D5929F /* Default@2x.png */ = {isa = PBXFileReference; lastKnownFileType = image.png; path = "Default@2x.png"; sourceTree = "<group>"; };
		58F9A3F019F6A44700D5929F /* Default.png */ = {isa = PBXFileReference; lastKnownFileType = image.png; path = Default.png; sourceTree = "<group>"; };
		58F9A3F119F6A44700D5929F /* tab.png */ = {isa = PBXFileReference; lastKnownFileType = image.png; path = tab.png; sourceTree = "<group>"; };
		58F9A3F219F6A44700D5929F /* back.png */ = {isa = PBXFileReference; lastKnownFileType = image.png; path = back.png; sourceTree = "<group>"; };
		58F9A3F319F6A44700D5929F /* elaser.png */ = {isa = PBXFileReference; lastKnownFileType = image.png; path = elaser.png; sourceTree = "<group>"; };
		58F9A41319F953CD00D5929F /* KokubanForSwift-Bridging-Header.h */ = {isa = PBXFileReference; lastKnownFileType = sourcecode.c.h; path = "KokubanForSwift-Bridging-Header.h"; sourceTree = "<group>"; };
		58F9A41419F953CE00D5929F /* DrawingView.h */ = {isa = PBXFileReference; fileEncoding = 4; lastKnownFileType = sourcecode.c.h; path = DrawingView.h; sourceTree = "<group>"; };
		58F9A41519F953CE00D5929F /* DrawingView.m */ = {isa = PBXFileReference; fileEncoding = 4; lastKnownFileType = sourcecode.c.objc; path = DrawingView.m; sourceTree = "<group>"; };
		7187D534E4BF446DB1434416 /* Pods.xcconfig */ = {isa = PBXFileReference; includeInIndex = 1; lastKnownFileType = text.xcconfig; name = Pods.xcconfig; path = Pods/Pods.xcconfig; sourceTree = "<group>"; };
		D7DC891635E2443695729A3F /* libPods.a */ = {isa = PBXFileReference; explicitFileType = archive.ar; includeInIndex = 0; path = libPods.a; sourceTree = BUILT_PRODUCTS_DIR; };
/* End PBXFileReference section */

/* Begin PBXFrameworksBuildPhase section */
		58F9A3AF19F6967300D5929F /* Frameworks */ = {
			isa = PBXFrameworksBuildPhase;
			buildActionMask = 2147483647;
			files = (
				58198DD31A636AF90050F69A /* QuartzCore.framework in Frameworks */,
				58198DD11A636ADA0050F69A /* MobileCoreServices.framework in Frameworks */,
				58198DCF1A636ACB0050F69A /* StoreKit.framework in Frameworks */,
				58198DCD1A636ABC0050F69A /* Foundation.framework in Frameworks */,
				58198DCB1A636AAF0050F69A /* CoreGraphics.framework in Frameworks */,
				58198DC91A636AA50050F69A /* CFNetwork.framework in Frameworks */,
				58198DC71A636A9C0050F69A /* SystemConfiguration.framework in Frameworks */,
				58198DC51A636A850050F69A /* AdSupport.framework in Frameworks */,
				58198DC31A636A760050F69A /* UIKit.framework in Frameworks */,
				58198DC11A636A490050F69A /* MessageUI.framework in Frameworks */,
				58198DBF1A636A210050F69A /* AudioToolbox.framework in Frameworks */,
				58198DBD1A636A190050F69A /* AVFoundation.framework in Frameworks */,
				5DD4B7D9522641F98AAAE8A6 /* libPods.a in Frameworks */,
			);
			runOnlyForDeploymentPostprocessing = 0;
		};
		58F9A3C419F6967400D5929F /* Frameworks */ = {
			isa = PBXFrameworksBuildPhase;
			buildActionMask = 2147483647;
			files = (
			);
			runOnlyForDeploymentPostprocessing = 0;
		};
/* End PBXFrameworksBuildPhase section */

/* Begin PBXGroup section */
		3DE3F44B44924024B4B77999 /* Frameworks */ = {
			isa = PBXGroup;
			children = (
				58198DD21A636AF90050F69A /* QuartzCore.framework */,
				58198DD01A636ADA0050F69A /* MobileCoreServices.framework */,
				58198DCE1A636ACB0050F69A /* StoreKit.framework */,
				58198DCC1A636ABC0050F69A /* Foundation.framework */,
				58198DCA1A636AAF0050F69A /* CoreGraphics.framework */,
				58198DC81A636AA50050F69A /* CFNetwork.framework */,
				58198DC61A636A9C0050F69A /* SystemConfiguration.framework */,
				58198DC41A636A850050F69A /* AdSupport.framework */,
				58198DC21A636A760050F69A /* UIKit.framework */,
				58198DC01A636A490050F69A /* MessageUI.framework */,
				58198DBE1A636A210050F69A /* AudioToolbox.framework */,
				58198DBC1A636A190050F69A /* AVFoundation.framework */,
				D7DC891635E2443695729A3F /* libPods.a */,
			);
			name = Frameworks;
			sourceTree = "<group>";
		};
		58F9A3A919F6967300D5929F = {
			isa = PBXGroup;
			children = (
				58F9A3B419F6967300D5929F /* KokubanForSwift */,
				58F9A3CA19F6967400D5929F /* KokubanForSwiftTests */,
				58F9A3B319F6967300D5929F /* Products */,
				7187D534E4BF446DB1434416 /* Pods.xcconfig */,
				3DE3F44B44924024B4B77999 /* Frameworks */,
			);
			sourceTree = "<group>";
		};
		58F9A3B319F6967300D5929F /* Products */ = {
			isa = PBXGroup;
			children = (
				58F9A3B219F6967300D5929F /* KokubanForSwift.app */,
				58F9A3C719F6967400D5929F /* KokubanForSwiftTests.xctest */,
			);
			name = Products;
			sourceTree = "<group>";
		};
		58F9A3B419F6967300D5929F /* KokubanForSwift */ = {
			isa = PBXGroup;
			children = (
				58F9A41719F953E000D5929F /* common */,
				58F9A41219F9533200D5929F /* uiview */,
				58F9A3D719F6A2E400D5929F /* image */,
				58F9A3B719F6967300D5929F /* AppDelegate.swift */,
				58F9A3B919F6967300D5929F /* ViewController.swift */,
				58F9A3BB19F6967300D5929F /* Main.storyboard */,
				58F9A3BE19F6967300D5929F /* Images.xcassets */,
				58F9A3C019F6967300D5929F /* LaunchScreen.xib */,
				58F9A3B519F6967300D5929F /* Supporting Files */,
				58E8B57E1A95F296006EF840 /* Line.swift */,
			);
			path = KokubanForSwift;
			sourceTree = "<group>";
		};
		58F9A3B519F6967300D5929F /* Supporting Files */ = {
			isa = PBXGroup;
			children = (
				58F9A3B619F6967300D5929F /* Info.plist */,
			);
			name = "Supporting Files";
			sourceTree = "<group>";
		};
		58F9A3CA19F6967400D5929F /* KokubanForSwiftTests */ = {
			isa = PBXGroup;
			children = (
				58F9A3CD19F6967400D5929F /* KokubanForSwiftTests.swift */,
				58F9A3CB19F6967400D5929F /* Supporting Files */,
			);
			path = KokubanForSwiftTests;
			sourceTree = "<group>";
		};
		58F9A3CB19F6967400D5929F /* Supporting Files */ = {
			isa = PBXGroup;
			children = (
				58F9A3CC19F6967400D5929F /* Info.plist */,
			);
			name = "Supporting Files";
			sourceTree = "<group>";
		};
		58F9A3D719F6A2E400D5929F /* image */ = {
			isa = PBXGroup;
			children = (
				58F9A3D819F6A44700D5929F /* ico_himawari1.png */,
				58F9A3D919F6A44700D5929F /* ico_uchiwa02_min.png */,
				58F9A3DA19F6A44700D5929F /* sen5.png */,
				58F9A3DB19F6A44700D5929F /* sen10.png */,
				58F9A3DC19F6A44700D5929F /* snow.png */,
				58F9A3DD19F6A44700D5929F /* icon-76@2x.png */,
				58F9A3DE19F6A44700D5929F /* icon-76.png */,
				58F9A3DF19F6A44700D5929F /* Default-Portrait.png */,
				58F9A3E019F6A44700D5929F /* icon-72.png */,
				58F9A3E119F6A44700D5929F /* icon-72@2x.png */,
				58F9A3E219F6A44700D5929F /* Default-Portrait@2x.png */,
				58F9A3E319F6A44700D5929F /* back@2x.png */,
				58F9A3E419F6A44700D5929F /* icon@2x.png */,
				58F9A3E519F6A44700D5929F /* icon-120.png */,
				58F9A3E619F6A44700D5929F /* icon.png */,
				58F9A3E719F6A44700D5929F /* back-568h@2x.png */,
				58F9A3E919F6A44700D5929F /* blue.png */,
				58F9A3EA19F6A44700D5929F /* green.png */,
				58F9A3EB19F6A44700D5929F /* pink.png */,
				58F9A3EC19F6A44700D5929F /* red.png */,
				58F9A3ED19F6A44700D5929F /* white.png */,
				58F9A3E819F6A44700D5929F /* Default-568h@2x.png */,
				58F9A3EE19F6A44700D5929F /* yellow.png */,
				58F9A3F019F6A44700D5929F /* Default.png */,
				58F9A3EF19F6A44700D5929F /* Default@2x.png */,
				58F9A3F119F6A44700D5929F /* tab.png */,
				58F9A3F219F6A44700D5929F /* back.png */,
				58F9A3F319F6A44700D5929F /* elaser.png */,
			);
			name = image;
			sourceTree = "<group>";
		};
		58F9A41219F9533200D5929F /* uiview */ = {
			isa = PBXGroup;
			children = (
				58198DD71A63701D0050F69A /* Common.h */,
				58198DD81A63701D0050F69A /* Common.m */,
				58F9A41419F953CE00D5929F /* DrawingView.h */,
				58F9A41519F953CE00D5929F /* DrawingView.m */,
				58F9A41319F953CD00D5929F /* KokubanForSwift-Bridging-Header.h */,
			);
			name = uiview;
			sourceTree = "<group>";
		};
		58F9A41719F953E000D5929F /* common */ = {
			isa = PBXGroup;
			children = (
			);
			name = common;
			sourceTree = "<group>";
		};
/* End PBXGroup section */

/* Begin PBXNativeTarget section */
		58F9A3B119F6967300D5929F /* KokubanForSwift */ = {
			isa = PBXNativeTarget;
			buildConfigurationList = 58F9A3D119F6967400D5929F /* Build configuration list for PBXNativeTarget "KokubanForSwift" */;
			buildPhases = (
				7A4443D64CBC4B289EA47AEC /* Check Pods Manifest.lock */,
				58F9A3AE19F6967300D5929F /* Sources */,
				58F9A3AF19F6967300D5929F /* Frameworks */,
				58F9A3B019F6967300D5929F /* Resources */,
				A2610CA2463C43799B60AAEA /* Copy Pods Resources */,
			);
			buildRules = (
			);
			dependencies = (
			);
			name = KokubanForSwift;
			productName = KokubanForSwift;
			productReference = 58F9A3B219F6967300D5929F /* KokubanForSwift.app */;
			productType = "com.apple.product-type.application";
		};
		58F9A3C619F6967400D5929F /* KokubanForSwiftTests */ = {
			isa = PBXNativeTarget;
			buildConfigurationList = 58F9A3D419F6967400D5929F /* Build configuration list for PBXNativeTarget "KokubanForSwiftTests" */;
			buildPhases = (
				58F9A3C319F6967400D5929F /* Sources */,
				58F9A3C419F6967400D5929F /* Frameworks */,
				58F9A3C519F6967400D5929F /* Resources */,
			);
			buildRules = (
			);
			dependencies = (
				58F9A3C919F6967400D5929F /* PBXTargetDependency */,
			);
			name = KokubanForSwiftTests;
			productName = KokubanForSwiftTests;
			productReference = 58F9A3C719F6967400D5929F /* KokubanForSwiftTests.xctest */;
			productType = "com.apple.product-type.bundle.unit-test";
		};
/* End PBXNativeTarget section */

/* Begin PBXProject section */
		58F9A3AA19F6967300D5929F /* Project object */ = {
			isa = PBXProject;
			attributes = {
				LastUpgradeCheck = 0610;
				ORGANIZATIONNAME = "HIRATSUKA SHUNSUKE";
				TargetAttributes = {
					58F9A3B119F6967300D5929F = {
						CreatedOnToolsVersion = 6.1;
						DevelopmentTeam = GSX2TRMV6J;
					};
					58F9A3C619F6967400D5929F = {
						CreatedOnToolsVersion = 6.1;
						TestTargetID = 58F9A3B119F6967300D5929F;
					};
				};
			};
			buildConfigurationList = 58F9A3AD19F6967300D5929F /* Build configuration list for PBXProject "KokubanForSwift" */;
			compatibilityVersion = "Xcode 3.2";
			developmentRegion = English;
			hasScannedForEncodings = 0;
			knownRegions = (
				en,
				Base,
			);
			mainGroup = 58F9A3A919F6967300D5929F;
			productRefGroup = 58F9A3B319F6967300D5929F /* Products */;
			projectDirPath = "";
			projectRoot = "";
			targets = (
				58F9A3B119F6967300D5929F /* KokubanForSwift */,
				58F9A3C619F6967400D5929F /* KokubanForSwiftTests */,
			);
		};
/* End PBXProject section */

/* Begin PBXResourcesBuildPhase section */
		58F9A3B019F6967300D5929F /* Resources */ = {
			isa = PBXResourcesBuildPhase;
			buildActionMask = 2147483647;
			files = (
				58F9A3FD19F6A44700D5929F /* icon-72@2x.png in Resources */,
				58F9A40719F6A44700D5929F /* pink.png in Resources */,
				58F9A40619F6A44700D5929F /* green.png in Resources */,
				58F9A40B19F6A44700D5929F /* Default@2x.png in Resources */,
				58F9A40119F6A44700D5929F /* icon-120.png in Resources */,
				58F9A40219F6A44700D5929F /* icon.png in Resources */,
				58F9A40019F6A44700D5929F /* icon@2x.png in Resources */,
				58F9A3F919F6A44700D5929F /* icon-76@2x.png in Resources */,
				58F9A40519F6A44700D5929F /* blue.png in Resources */,
				58F9A3FF19F6A44700D5929F /* back@2x.png in Resources */,
				58F9A3FA19F6A44700D5929F /* icon-76.png in Resources */,
				58F9A40C19F6A44700D5929F /* Default.png in Resources */,
				58F9A3BD19F6967300D5929F /* Main.storyboard in Resources */,
				58F9A3F519F6A44700D5929F /* ico_uchiwa02_min.png in Resources */,
				58F9A3FB19F6A44700D5929F /* Default-Portrait.png in Resources */,
				58F9A3FC19F6A44700D5929F /* icon-72.png in Resources */,
				58F9A40319F6A44700D5929F /* back-568h@2x.png in Resources */,
				58F9A3FE19F6A44700D5929F /* Default-Portrait@2x.png in Resources */,
				58F9A40419F6A44700D5929F /* Default-568h@2x.png in Resources */,
				58F9A3F819F6A44700D5929F /* snow.png in Resources */,
				58F9A40F19F6A44700D5929F /* elaser.png in Resources */,
				58F9A3F619F6A44700D5929F /* sen5.png in Resources */,
				58F9A40A19F6A44700D5929F /* yellow.png in Resources */,
				58F9A3F719F6A44700D5929F /* sen10.png in Resources */,
				58F9A40919F6A44700D5929F /* white.png in Resources */,
				58F9A3F419F6A44700D5929F /* ico_himawari1.png in Resources */,
				58F9A40819F6A44700D5929F /* red.png in Resources */,
				58F9A40E19F6A44700D5929F /* back.png in Resources */,
				58F9A40D19F6A44700D5929F /* tab.png in Resources */,
				58F9A3C219F6967300D5929F /* LaunchScreen.xib in Resources */,
				58F9A3BF19F6967300D5929F /* Images.xcassets in Resources */,
			);
			runOnlyForDeploymentPostprocessing = 0;
		};
		58F9A3C519F6967400D5929F /* Resources */ = {
			isa = PBXResourcesBuildPhase;
			buildActionMask = 2147483647;
			files = (
			);
			runOnlyForDeploymentPostprocessing = 0;
		};
/* End PBXResourcesBuildPhase section */

/* Begin PBXShellScriptBuildPhase section */
		7A4443D64CBC4B289EA47AEC /* Check Pods Manifest.lock */ = {
			isa = PBXShellScriptBuildPhase;
			buildActionMask = 2147483647;
			files = (
			);
			inputPaths = (
			);
			name = "Check Pods Manifest.lock";
			outputPaths = (
			);
			runOnlyForDeploymentPostprocessing = 0;
			shellPath = /bin/sh;
			shellScript = "diff \"${PODS_ROOT}/../Podfile.lock\" \"${PODS_ROOT}/Manifest.lock\" > /dev/null\nif [[ $? != 0 ]] ; then\n    cat << EOM\nerror: The sandbox is not in sync with the Podfile.lock. Run 'pod install' or update your CocoaPods installation.\nEOM\n    exit 1\nfi\n";
			showEnvVarsInLog = 0;
		};
		A2610CA2463C43799B60AAEA /* Copy Pods Resources */ = {
			isa = PBXShellScriptBuildPhase;
			buildActionMask = 2147483647;
			files = (
			);
			inputPaths = (
			);
			name = "Copy Pods Resources";
			outputPaths = (
			);
			runOnlyForDeploymentPostprocessing = 0;
			shellPath = /bin/sh;
			shellScript = "\"${SRCROOT}/Pods/Pods-resources.sh\"\n";
			showEnvVarsInLog = 0;
		};
/* End PBXShellScriptBuildPhase section */

/* Begin PBXSourcesBuildPhase section */
		58F9A3AE19F6967300D5929F /* Sources */ = {
			isa = PBXSourcesBuildPhase;
			buildActionMask = 2147483647;
			files = (
				58198DD91A63701D0050F69A /* Common.m in Sources */,
				58F9A3BA19F6967300D5929F /* ViewController.swift in Sources */,
				58F9A3B819F6967300D5929F /* AppDelegate.swift in Sources */,
				58F9A41619F953CE00D5929F /* DrawingView.m in Sources */,
				58E8B57F1A95F296006EF840 /* Line.swift in Sources */,
			);
			runOnlyForDeploymentPostprocessing = 0;
		};
		58F9A3C319F6967400D5929F /* Sources */ = {
			isa = PBXSourcesBuildPhase;
			buildActionMask = 2147483647;
			files = (
				58F9A3CE19F6967400D5929F /* KokubanForSwiftTests.swift in Sources */,
			);
			runOnlyForDeploymentPostprocessing = 0;
		};
/* End PBXSourcesBuildPhase section */

/* Begin PBXTargetDependency section */
		58F9A3C919F6967400D5929F /* PBXTargetDependency */ = {
			isa = PBXTargetDependency;
			target = 58F9A3B119F6967300D5929F /* KokubanForSwift */;
			targetProxy = 58F9A3C819F6967400D5929F /* PBXContainerItemProxy */;
		};
/* End PBXTargetDependency section */

/* Begin PBXVariantGroup section */
		58F9A3BB19F6967300D5929F /* Main.storyboard */ = {
			isa = PBXVariantGroup;
			children = (
				58F9A3BC19F6967300D5929F /* Base */,
			);
			name = Main.storyboard;
			sourceTree = "<group>";
		};
		58F9A3C019F6967300D5929F /* LaunchScreen.xib */ = {
			isa = PBXVariantGroup;
			children = (
				58F9A3C119F6967300D5929F /* Base */,
			);
			name = LaunchScreen.xib;
			sourceTree = "<group>";
		};
/* End PBXVariantGroup section */

/* Begin XCBuildConfiguration section */
		58F9A3CF19F6967400D5929F /* Debug */ = {
			isa = XCBuildConfiguration;
			buildSettings = {
				ALWAYS_SEARCH_USER_PATHS = NO;
				CLANG_CXX_LANGUAGE_STANDARD = "gnu++0x";
				CLANG_CXX_LIBRARY = "libc++";
				CLANG_ENABLE_MODULES = YES;
				CLANG_ENABLE_OBJC_ARC = YES;
				CLANG_WARN_BOOL_CONVERSION = YES;
				CLANG_WARN_CONSTANT_CONVERSION = YES;
				CLANG_WARN_DIRECT_OBJC_ISA_USAGE = YES_ERROR;
				CLANG_WARN_EMPTY_BODY = YES;
				CLANG_WARN_ENUM_CONVERSION = YES;
				CLANG_WARN_INT_CONVERSION = YES;
				CLANG_WARN_OBJC_ROOT_CLASS = YES_ERROR;
				CLANG_WARN_UNREACHABLE_CODE = YES;
				CLANG_WARN__DUPLICATE_METHOD_MATCH = YES;
				"CODE_SIGN_IDENTITY[sdk=iphoneos*]" = "iPhone Developer";
				COPY_PHASE_STRIP = NO;
				ENABLE_STRICT_OBJC_MSGSEND = YES;
				GCC_C_LANGUAGE_STANDARD = gnu99;
				GCC_DYNAMIC_NO_PIC = NO;
				GCC_OPTIMIZATION_LEVEL = 0;
				GCC_PREPROCESSOR_DEFINITIONS = (
					"DEBUG=1",
					"$(inherited)",
				);
				GCC_SYMBOLS_PRIVATE_EXTERN = NO;
				GCC_WARN_64_TO_32_BIT_CONVERSION = YES;
				GCC_WARN_ABOUT_RETURN_TYPE = YES_ERROR;
				GCC_WARN_UNDECLARED_SELECTOR = YES;
				GCC_WARN_UNINITIALIZED_AUTOS = YES_AGGRESSIVE;
				GCC_WARN_UNUSED_FUNCTION = YES;
				GCC_WARN_UNUSED_VARIABLE = YES;
				IPHONEOS_DEPLOYMENT_TARGET = 8.1;
				MTL_ENABLE_DEBUG_INFO = YES;
				ONLY_ACTIVE_ARCH = YES;
				SDKROOT = iphoneos;
				SWIFT_OPTIMIZATION_LEVEL = "-Onone";
				TARGETED_DEVICE_FAMILY = "1,2";
			};
			name = Debug;
		};
		58F9A3D019F6967400D5929F /* Release */ = {
			isa = XCBuildConfiguration;
			buildSettings = {
				ALWAYS_SEARCH_USER_PATHS = NO;
				CLANG_CXX_LANGUAGE_STANDARD = "gnu++0x";
				CLANG_CXX_LIBRARY = "libc++";
				CLANG_ENABLE_MODULES = YES;
				CLANG_ENABLE_OBJC_ARC = YES;
				CLANG_WARN_BOOL_CONVERSION = YES;
				CLANG_WARN_CONSTANT_CONVERSION = YES;
				CLANG_WARN_DIRECT_OBJC_ISA_USAGE = YES_ERROR;
				CLANG_WARN_EMPTY_BODY = YES;
				CLANG_WARN_ENUM_CONVERSION = YES;
				CLANG_WARN_INT_CONVERSION = YES;
				CLANG_WARN_OBJC_ROOT_CLASS = YES_ERROR;
				CLANG_WARN_UNREACHABLE_CODE = YES;
				CLANG_WARN__DUPLICATE_METHOD_MATCH = YES;
				"CODE_SIGN_IDENTITY[sdk=iphoneos*]" = "iPhone Developer";
				COPY_PHASE_STRIP = YES;
				ENABLE_NS_ASSERTIONS = NO;
				ENABLE_STRICT_OBJC_MSGSEND = YES;
				GCC_C_LANGUAGE_STANDARD = gnu99;
				GCC_WARN_64_TO_32_BIT_CONVERSION = YES;
				GCC_WARN_ABOUT_RETURN_TYPE = YES_ERROR;
				GCC_WARN_UNDECLARED_SELECTOR = YES;
				GCC_WARN_UNINITIALIZED_AUTOS = YES_AGGRESSIVE;
				GCC_WARN_UNUSED_FUNCTION = YES;
				GCC_WARN_UNUSED_VARIABLE = YES;
				IPHONEOS_DEPLOYMENT_TARGET = 8.1;
				MTL_ENABLE_DEBUG_INFO = NO;
				SDKROOT = iphoneos;
				TARGETED_DEVICE_FAMILY = "1,2";
				VALIDATE_PRODUCT = YES;
			};
			name = Release;
		};
		58F9A3D219F6967400D5929F /* Debug */ = {
			isa = XCBuildConfiguration;
			baseConfigurationReference = 7187D534E4BF446DB1434416 /* Pods.xcconfig */;
			buildSettings = {
				ASSETCATALOG_COMPILER_APPICON_NAME = AppIcon;
				ASSETCATALOG_COMPILER_LAUNCHIMAGE_NAME = LaunchImage;
				CLANG_ENABLE_MODULES = YES;
				CODE_SIGN_IDENTITY = "iPhone Developer";
				"CODE_SIGN_IDENTITY[sdk=iphoneos*]" = "iPhone Developer";
				INFOPLIST_FILE = KokubanForSwift/Info.plist;
				LD_RUNPATH_SEARCH_PATHS = "$(inherited) @executable_path/Frameworks";
				PRODUCT_NAME = "$(TARGET_NAME)";
				PROVISIONING_PROFILE = "";
				SWIFT_OBJC_BRIDGING_HEADER = "$(SRCROOT)/$(PROJECT)/KokubanForSwift-Bridging-Header.h";
				SWIFT_OPTIMIZATION_LEVEL = "-Onone";
			};
			name = Debug;
		};
		58F9A3D319F6967400D5929F /* Release */ = {
			isa = XCBuildConfiguration;
			baseConfigurationReference = 7187D534E4BF446DB1434416 /* Pods.xcconfig */;
			buildSettings = {
				ASSETCATALOG_COMPILER_APPICON_NAME = AppIcon;
				ASSETCATALOG_COMPILER_LAUNCHIMAGE_NAME = LaunchImage;
				CLANG_ENABLE_MODULES = YES;
				CODE_SIGN_IDENTITY = "iPhone Developer";
				"CODE_SIGN_IDENTITY[sdk=iphoneos*]" = "iPhone Developer";
				INFOPLIST_FILE = KokubanForSwift/Info.plist;
				LD_RUNPATH_SEARCH_PATHS = "$(inherited) @executable_path/Frameworks";
				PRODUCT_NAME = "$(TARGET_NAME)";
				PROVISIONING_PROFILE = "";
				SWIFT_OBJC_BRIDGING_HEADER = "$(SRCROOT)/$(PROJECT)/KokubanForSwift-Bridging-Header.h";
			};
			name = Release;
		};
		58F9A3D519F6967400D5929F /* Debug */ = {
			isa = XCBuildConfiguration;
			buildSettings = {
				BUNDLE_LOADER = "$(TEST_HOST)";
				FRAMEWORK_SEARCH_PATHS = (
					"$(SDKROOT)/Developer/Library/Frameworks",
					"$(inherited)",
				);
				GCC_PREPROCESSOR_DEFINITIONS = (
					"DEBUG=1",
					"$(inherited)",
				);
				INFOPLIST_FILE = KokubanForSwiftTests/Info.plist;
				LD_RUNPATH_SEARCH_PATHS = "$(inherited) @executable_path/Frameworks @loader_path/Frameworks";
				PRODUCT_NAME = "$(TARGET_NAME)";
				TEST_HOST = "$(BUILT_PRODUCTS_DIR)/KokubanForSwift.app/KokubanForSwift";
			};
			name = Debug;
		};
		58F9A3D619F6967400D5929F /* Release */ = {
			isa = XCBuildConfiguration;
			buildSettings = {
				BUNDLE_LOADER = "$(TEST_HOST)";
				FRAMEWORK_SEARCH_PATHS = (
					"$(SDKROOT)/Developer/Library/Frameworks",
					"$(inherited)",
				);
				INFOPLIST_FILE = KokubanForSwiftTests/Info.plist;
				LD_RUNPATH_SEARCH_PATHS = "$(inherited) @executable_path/Frameworks @loader_path/Frameworks";
				PRODUCT_NAME = "$(TARGET_NAME)";
				TEST_HOST = "$(BUILT_PRODUCTS_DIR)/KokubanForSwift.app/KokubanForSwift";
			};
			name = Release;
		};
/* End XCBuildConfiguration section */

/* Begin XCConfigurationList section */
		58F9A3AD19F6967300D5929F /* Build configuration list for PBXProject "KokubanForSwift" */ = {
			isa = XCConfigurationList;
			buildConfigurations = (
				58F9A3CF19F6967400D5929F /* Debug */,
				58F9A3D019F6967400D5929F /* Release */,
			);
			defaultConfigurationIsVisible = 0;
			defaultConfigurationName = Release;
		};
		58F9A3D119F6967400D5929F /* Build configuration list for PBXNativeTarget "KokubanForSwift" */ = {
			isa = XCConfigurationList;
			buildConfigurations = (
				58F9A3D219F6967400D5929F /* Debug */,
				58F9A3D319F6967400D5929F /* Release */,
			);
			defaultConfigurationIsVisible = 0;
			defaultConfigurationName = Release;
		};
		58F9A3D419F6967400D5929F /* Build configuration list for PBXNativeTarget "KokubanForSwiftTests" */ = {
			isa = XCConfigurationList;
			buildConfigurations = (
				58F9A3D519F6967400D5929F /* Debug */,
				58F9A3D619F6967400D5929F /* Release */,
			);
			defaultConfigurationIsVisible = 0;
			defaultConfigurationName = Release;
		};
/* End XCConfigurationList section */
	};
	rootObject = 58F9A3AA19F6967300D5929F /* Project object */;
}
